
Microsoft Visual Studio Solution File, Format Version 12.00
# Visual Studio Version 16
VisualStudioVersion = 16.0.29709.97
MinimumVisualStudioVersion = 10.0.40219.1
Project("{8BC9CEB8-8B4A-11D0-8D11-00A0C91BC942}") = "uv5ki-gw-cfg", "uv5ki-gw-cfg\uv5ki-gw-cfg.vcxproj", "{FCC6D68A-8F46-49A8-9AF4-937023ED7E03}"
EndProject
Global
	GlobalSection(SolutionConfigurationPlatforms) = preSolution
		Debug|Any CPU = Debug|Any CPU
		Debug|Mixed Platforms = Debug|Mixed Platforms
		Debug|Win32 = Debug|Win32
		Release|Any CPU = Release|Any CPU
		Release|Mixed Platforms = Release|Mixed Platforms
		Release|Win32 = Release|Win32
	EndGlobalSection
	GlobalSection(ProjectConfigurationPlatforms) = postSolution
		{FCC6D68A-8F46-49A8-9AF4-937023ED7E03}.Debug|Any CPU.ActiveCfg = Debug|Win32
		{FCC6D68A-8F46-49A8-9AF4-937023ED7E03}.Debug|Mixed Platforms.ActiveCfg = Debug|Win32
		{FCC6D68A-8F46-49A8-9AF4-937023ED7E03}.Debug|Mixed Platforms.Build.0 = Debug|Win32
		{FCC6D68A-8F46-49A8-9AF4-937023ED7E03}.Debug|Win32.ActiveCfg = Debug|Win32
		{FCC6D68A-8F46-49A8-9AF4-937023ED7E03}.Debug|Win32.Build.0 = Debug|Win32
		{FCC6D68A-8F46-49A8-9AF4-937023ED7E03}.Release|Any CPU.ActiveCfg = Release|Win32
		{FCC6D68A-8F46-49A8-9AF4-937023ED7E03}.Release|Mixed Platforms.ActiveCfg = Release|Win32
		{FCC6D68A-8F46-49A8-9AF4-937023ED7E03}.Release|Mixed Platforms.Build.0 = Release|Win32
		{FCC6D68A-8F46-49A8-9AF4-937023ED7E03}.Release|Win32.ActiveCfg = Release|Win32
		{FCC6D68A-8F46-49A8-9AF4-937023ED7E03}.Release|Win32.Build.0 = Release|Win32
	EndGlobalSection
	GlobalSection(SolutionProperties) = preSolution
		HideSolutionNode = FALSE
	EndGlobalSection
	GlobalSection(ExtensibilityGlobals) = postSolution
		SolutionGuid = {7732B3BF-CA7D-4E24-A460-B18E2FD18B70}
	EndGlobalSection
EndGlobal
