
Microsoft Visual Studio Solution File, Format Version 11.00
# Visual Studio 2010
Project("{8BC9CEB8-8B4A-11D0-8D11-00A0C91BC942}") = "uv5ki-gw-cfg-vs2010", "uv5ki-gw-cfg\uv5ki-gw-cfg-vs2010.vcxproj", "{FCC6D68A-8F46-49A8-9AF4-937023ED7E03}"
EndProject
Project("{8BC9CEB8-8B4A-11D0-8D11-00A0C91BC942}") = "PruebaTemplatesReferencias - vs2010", "pruebas\PruebaTemplatesReferencias\PruebaTemplatesReferencias - vs2010.vcxproj", "{67E28EE5-5DA8-47FF-B0ED-0ED22EB1D846}"
EndProject
Global
	GlobalSection(SolutionConfigurationPlatforms) = preSolution
		Debug|Win32 = Debug|Win32
		Release|Win32 = Release|Win32
	EndGlobalSection
	GlobalSection(ProjectConfigurationPlatforms) = postSolution
		{FCC6D68A-8F46-49A8-9AF4-937023ED7E03}.Debug|Win32.ActiveCfg = Debug|Win32
		{FCC6D68A-8F46-49A8-9AF4-937023ED7E03}.Debug|Win32.Build.0 = Debug|Win32
		{FCC6D68A-8F46-49A8-9AF4-937023ED7E03}.Release|Win32.ActiveCfg = Release|Win32
		{FCC6D68A-8F46-49A8-9AF4-937023ED7E03}.Release|Win32.Build.0 = Release|Win32
		{67E28EE5-5DA8-47FF-B0ED-0ED22EB1D846}.Debug|Win32.ActiveCfg = Debug|Win32
		{67E28EE5-5DA8-47FF-B0ED-0ED22EB1D846}.Debug|Win32.Build.0 = Debug|Win32
		{67E28EE5-5DA8-47FF-B0ED-0ED22EB1D846}.Release|Win32.ActiveCfg = Release|Win32
		{67E28EE5-5DA8-47FF-B0ED-0ED22EB1D846}.Release|Win32.Build.0 = Release|Win32
	EndGlobalSection
	GlobalSection(SolutionProperties) = preSolution
		HideSolutionNode = FALSE
	EndGlobalSection
EndGlobal
